{
  "name": "math",
  "version": "1.0.0",
  "lockfileVersion": 1,
  "requires": true,
  "dependencies": {
    "xyz-math": {
      "version": "1.1.0",
      "resolved": "https://registry.npmjs.org/xyz-math/-/xyz-math-1.1.0.tgz",
      "integrity": "sha512-sCM1tchM7zyA1t11I1bz0mhulETjN3c0ReOH7qK90uUcix+24lMeR1akdR643ssX2Kq76B5286g9CPG6l5W++Q=="
    }
  }
}
